
Microsoft Visual Studio Solution File, Format Version 12.00
# Visual Studio Version 17
VisualStudioVersion = 17.9.34714.143
MinimumVisualStudioVersion = 10.0.40219.1
Project("{FAE04EC0-301F-11D3-BF4B-00C04F79EFBC}") = "RecipeGen", "RecipeGen\RecipeGen.csproj", "{F7C5AB1E-3000-4D74-BBA8-861E0347700E}"
EndProject
Global
	GlobalSection(SolutionConfigurationPlatforms) = preSolution
		Debug|Any CPU = Debug|Any CPU
		Release|Any CPU = Release|Any CPU
	EndGlobalSection
	GlobalSection(ProjectConfigurationPlatforms) = postSolution
		{F7C5AB1E-3000-4D74-BBA8-861E0347700E}.Debug|Any CPU.ActiveCfg = Debug|Any CPU
		{F7C5AB1E-3000-4D74-BBA8-861E0347700E}.Debug|Any CPU.Build.0 = Debug|Any CPU
		{F7C5AB1E-3000-4D74-BBA8-861E0347700E}.Release|Any CPU.ActiveCfg = Release|Any CPU
		{F7C5AB1E-3000-4D74-BBA8-861E0347700E}.Release|Any CPU.Build.0 = Release|Any CPU
	EndGlobalSection
	GlobalSection(SolutionProperties) = preSolution
		HideSolutionNode = FALSE
	EndGlobalSection
	GlobalSection(ExtensibilityGlobals) = postSolution
		SolutionGuid = {AAB0B280-533A-4DD2-BA64-19B079775B45}
	EndGlobalSection
EndGlobal
